// !$*UTF8*$!
{
	archiveVersion = 1;
	classes = {
	};
	objectVersion = 55;
	objects = {

/* Begin PBXBuildFile section */
		EF5BF044289EB78D0059A54C /* AppDelegate.swift in Sources */ = {isa = PBXBuildFile; fileRef = EF5BF043289EB78D0059A54C /* AppDelegate.swift */; };
		EF5BF046289EB78D0059A54C /* SceneDelegate.swift in Sources */ = {isa = PBXBuildFile; fileRef = EF5BF045289EB78D0059A54C /* SceneDelegate.swift */; };
		EF5BF048289EB78D0059A54C /* ViewController.swift in Sources */ = {isa = PBXBuildFile; fileRef = EF5BF047289EB78D0059A54C /* ViewController.swift */; };
		EF5BF04B289EB78D0059A54C /* Main.storyboard in Resources */ = {isa = PBXBuildFile; fileRef = EF5BF049289EB78D0059A54C /* Main.storyboard */; };
		EF5BF04D289EB7920059A54C /* Assets.xcassets in Resources */ = {isa = PBXBuildFile; fileRef = EF5BF04C289EB7920059A54C /* Assets.xcassets */; };
		EF5BF050289EB7920059A54C /* LaunchScreen.storyboard in Resources */ = {isa = PBXBuildFile; fileRef = EF5BF04E289EB7920059A54C /* LaunchScreen.storyboard */; };
		EF5BF05B289EB7920059A54C /* SoDownloadExampleTests.swift in Sources */ = {isa = PBXBuildFile; fileRef = EF5BF05A289EB7920059A54C /* SoDownloadExampleTests.swift */; };
		EF5BF065289EB7920059A54C /* SoDownloadExampleUITests.swift in Sources */ = {isa = PBXBuildFile; fileRef = EF5BF064289EB7920059A54C /* SoDownloadExampleUITests.swift */; };
		EF5BF067289EB7920059A54C /* SoDownloadExampleUITestsLaunchTests.swift in Sources */ = {isa = PBXBuildFile; fileRef = EF5BF066289EB7920059A54C /* SoDownloadExampleUITestsLaunchTests.swift */; };
		EF5BF078289EBB5D0059A54C /* SoDownloadSDK in Frameworks */ = {isa = PBXBuildFile; productRef = EF5BF077289EBB5D0059A54C /* SoDownloadSDK */; };
		EF5BF07A289EBE7A0059A54C /* DownloadTableViewCell.swift in Sources */ = {isa = PBXBuildFile; fileRef = EF5BF079289EBE7A0059A54C /* DownloadTableViewCell.swift */; };
/* End PBXBuildFile section */

/* Begin PBXContainerItemProxy section */
		EF5BF057289EB7920059A54C /* PBXContainerItemProxy */ = {
			isa = PBXContainerItemProxy;
			containerPortal = EF5BF038289EB78D0059A54C /* Project object */;
			proxyType = 1;
			remoteGlobalIDString = EF5BF03F289EB78D0059A54C;
			remoteInfo = SoDownloadExample;
		};
		EF5BF061289EB7920059A54C /* PBXContainerItemProxy */ = {
			isa = PBXContainerItemProxy;
			containerPortal = EF5BF038289EB78D0059A54C /* Project object */;
			proxyType = 1;
			remoteGlobalIDString = EF5BF03F289EB78D0059A54C;
			remoteInfo = SoDownloadExample;
		};
/* End PBXContainerItemProxy section */

/* Begin PBXFileReference section */
		EF5BF040289EB78D0059A54C /* SoDownloadExample.app */ = {isa = PBXFileReference; explicitFileType = wrapper.application; includeInIndex = 0; path = SoDownloadExample.app; sourceTree = BUILT_PRODUCTS_DIR; };
		EF5BF043289EB78D0059A54C /* AppDelegate.swift */ = {isa = PBXFileReference; lastKnownFileType = sourcecode.swift; path = AppDelegate.swift; sourceTree = "<group>"; };
		EF5BF045289EB78D0059A54C /* SceneDelegate.swift */ = {isa = PBXFileReference; lastKnownFileType = sourcecode.swift; path = SceneDelegate.swift; sourceTree = "<group>"; };
		EF5BF047289EB78D0059A54C /* ViewController.swift */ = {isa = PBXFileReference; lastKnownFileType = sourcecode.swift; path = ViewController.swift; sourceTree = "<group>"; };
		EF5BF04A289EB78D0059A54C /* Base */ = {isa = PBXFileReference; lastKnownFileType = file.storyboard; name = Base; path = Base.lproj/Main.storyboard; sourceTree = "<group>"; };
		EF5BF04C289EB7920059A54C /* Assets.xcassets */ = {isa = PBXFileReference; lastKnownFileType = folder.assetcatalog; path = Assets.xcassets; sourceTree = "<group>"; };
		EF5BF04F289EB7920059A54C /* Base */ = {isa = PBXFileReference; lastKnownFileType = file.storyboard; name = Base; path = Base.lproj/LaunchScreen.storyboard; sourceTree = "<group>"; };
		EF5BF051289EB7920059A54C /* Info.plist */ = {isa = PBXFileReference; lastKnownFileType = text.plist.xml; path = Info.plist; sourceTree = "<group>"; };
		EF5BF056289EB7920059A54C /* SoDownloadExampleTests.xctest */ = {isa = PBXFileReference; explicitFileType = wrapper.cfbundle; includeInIndex = 0; path = SoDownloadExampleTests.xctest; sourceTree = BUILT_PRODUCTS_DIR; };
		EF5BF05A289EB7920059A54C /* SoDownloadExampleTests.swift */ = {isa = PBXFileReference; lastKnownFileType = sourcecode.swift; path = SoDownloadExampleTests.swift; sourceTree = "<group>"; };
		EF5BF060289EB7920059A54C /* SoDownloadExampleUITests.xctest */ = {isa = PBXFileReference; explicitFileType = wrapper.cfbundle; includeInIndex = 0; path = SoDownloadExampleUITests.xctest; sourceTree = BUILT_PRODUCTS_DIR; };
		EF5BF064289EB7920059A54C /* SoDownloadExampleUITests.swift */ = {isa = PBXFileReference; lastKnownFileType = sourcecode.swift; path = SoDownloadExampleUITests.swift; sourceTree = "<group>"; };
		EF5BF066289EB7920059A54C /* SoDownloadExampleUITestsLaunchTests.swift */ = {isa = PBXFileReference; lastKnownFileType = sourcecode.swift; path = SoDownloadExampleUITestsLaunchTests.swift; sourceTree = "<group>"; };
		EF5BF079289EBE7A0059A54C /* DownloadTableViewCell.swift */ = {isa = PBXFileReference; lastKnownFileType = sourcecode.swift; path = DownloadTableViewCell.swift; sourceTree = "<group>"; };
/* End PBXFileReference section */

/* Begin PBXFrameworksBuildPhase section */
		EF5BF03D289EB78D0059A54C /* Frameworks */ = {
			isa = PBXFrameworksBuildPhase;
			buildActionMask = 2147483647;
			files = (
				EF5BF078289EBB5D0059A54C /* SoDownloadSDK in Frameworks */,
			);
			runOnlyForDeploymentPostprocessing = 0;
		};
		EF5BF053289EB7920059A54C /* Frameworks */ = {
			isa = PBXFrameworksBuildPhase;
			buildActionMask = 2147483647;
			files = (
			);
			runOnlyForDeploymentPostprocessing = 0;
		};
		EF5BF05D289EB7920059A54C /* Frameworks */ = {
			isa = PBXFrameworksBuildPhase;
			buildActionMask = 2147483647;
			files = (
			);
			runOnlyForDeploymentPostprocessing = 0;
		};
/* End PBXFrameworksBuildPhase section */

/* Begin PBXGroup section */
		EF5BF037289EB78D0059A54C = {
			isa = PBXGroup;
			children = (
				EF5BF042289EB78D0059A54C /* SoDownloadExample */,
				EF5BF059289EB7920059A54C /* SoDownloadExampleTests */,
				EF5BF063289EB7920059A54C /* SoDownloadExampleUITests */,
				EF5BF041289EB78D0059A54C /* Products */,
			);
			sourceTree = "<group>";
		};
		EF5BF041289EB78D0059A54C /* Products */ = {
			isa = PBXGroup;
			children = (
				EF5BF040289EB78D0059A54C /* SoDownloadExample.app */,
				EF5BF056289EB7920059A54C /* SoDownloadExampleTests.xctest */,
				EF5BF060289EB7920059A54C /* SoDownloadExampleUITests.xctest */,
			);
			name = Products;
			sourceTree = "<group>";
		};
		EF5BF042289EB78D0059A54C /* SoDownloadExample */ = {
			isa = PBXGroup;
			children = (
				EF5BF043289EB78D0059A54C /* AppDelegate.swift */,
				EF5BF045289EB78D0059A54C /* SceneDelegate.swift */,
				EF5BF047289EB78D0059A54C /* ViewController.swift */,
				EF5BF049289EB78D0059A54C /* Main.storyboard */,
				EF5BF04C289EB7920059A54C /* Assets.xcassets */,
				EF5BF04E289EB7920059A54C /* LaunchScreen.storyboard */,
				EF5BF051289EB7920059A54C /* Info.plist */,
				EF5BF079289EBE7A0059A54C /* DownloadTableViewCell.swift */,
			);
			path = SoDownloadExample;
			sourceTree = "<group>";
		};
		EF5BF059289EB7920059A54C /* SoDownloadExampleTests */ = {
			isa = PBXGroup;
			children = (
				EF5BF05A289EB7920059A54C /* SoDownloadExampleTests.swift */,
			);
			path = SoDownloadExampleTests;
			sourceTree = "<group>";
		};
		EF5BF063289EB7920059A54C /* SoDownloadExampleUITests */ = {
			isa = PBXGroup;
			children = (
				EF5BF064289EB7920059A54C /* SoDownloadExampleUITests.swift */,
				EF5BF066289EB7920059A54C /* SoDownloadExampleUITestsLaunchTests.swift */,
			);
			path = SoDownloadExampleUITests;
			sourceTree = "<group>";
		};
/* End PBXGroup section */

/* Begin PBXNativeTarget section */
		EF5BF03F289EB78D0059A54C /* SoDownloadExample */ = {
			isa = PBXNativeTarget;
			buildConfigurationList = EF5BF06A289EB7920059A54C /* Build configuration list for PBXNativeTarget "SoDownloadExample" */;
			buildPhases = (
				EF5BF03C289EB78D0059A54C /* Sources */,
				EF5BF03D289EB78D0059A54C /* Frameworks */,
				EF5BF03E289EB78D0059A54C /* Resources */,
			);
			buildRules = (
			);
			dependencies = (
			);
			name = SoDownloadExample;
			packageProductDependencies = (
				EF5BF077289EBB5D0059A54C /* SoDownloadSDK */,
			);
			productName = SoDownloadExample;
			productReference = EF5BF040289EB78D0059A54C /* SoDownloadExample.app */;
			productType = "com.apple.product-type.application";
		};
		EF5BF055289EB7920059A54C /* SoDownloadExampleTests */ = {
			isa = PBXNativeTarget;
			buildConfigurationList = EF5BF06D289EB7920059A54C /* Build configuration list for PBXNativeTarget "SoDownloadExampleTests" */;
			buildPhases = (
				EF5BF052289EB7920059A54C /* Sources */,
				EF5BF053289EB7920059A54C /* Frameworks */,
				EF5BF054289EB7920059A54C /* Resources */,
			);
			buildRules = (
			);
			dependencies = (
				EF5BF058289EB7920059A54C /* PBXTargetDependency */,
			);
			name = SoDownloadExampleTests;
			productName = SoDownloadExampleTests;
			productReference = EF5BF056289EB7920059A54C /* SoDownloadExampleTests.xctest */;
			productType = "com.apple.product-type.bundle.unit-test";
		};
		EF5BF05F289EB7920059A54C /* SoDownloadExampleUITests */ = {
			isa = PBXNativeTarget;
			buildConfigurationList = EF5BF070289EB7920059A54C /* Build configuration list for PBXNativeTarget "SoDownloadExampleUITests" */;
			buildPhases = (
				EF5BF05C289EB7920059A54C /* Sources */,
				EF5BF05D289EB7920059A54C /* Frameworks */,
				EF5BF05E289EB7920059A54C /* Resources */,
			);
			buildRules = (
			);
			dependencies = (
				EF5BF062289EB7920059A54C /* PBXTargetDependency */,
			);
			name = SoDownloadExampleUITests;
			productName = SoDownloadExampleUITests;
			productReference = EF5BF060289EB7920059A54C /* SoDownloadExampleUITests.xctest */;
			productType = "com.apple.product-type.bundle.ui-testing";
		};
/* End PBXNativeTarget section */

/* Begin PBXProject section */
		EF5BF038289EB78D0059A54C /* Project object */ = {
			isa = PBXProject;
			attributes = {
				BuildIndependentTargetsInParallel = 1;
				LastSwiftUpdateCheck = 1340;
				LastUpgradeCheck = 1340;
				TargetAttributes = {
					EF5BF03F289EB78D0059A54C = {
						CreatedOnToolsVersion = 13.4.1;
					};
					EF5BF055289EB7920059A54C = {
						CreatedOnToolsVersion = 13.4.1;
						TestTargetID = EF5BF03F289EB78D0059A54C;
					};
					EF5BF05F289EB7920059A54C = {
						CreatedOnToolsVersion = 13.4.1;
						TestTargetID = EF5BF03F289EB78D0059A54C;
					};
				};
			};
			buildConfigurationList = EF5BF03B289EB78D0059A54C /* Build configuration list for PBXProject "SoDownloadExample" */;
			compatibilityVersion = "Xcode 13.0";
			developmentRegion = en;
			hasScannedForEncodings = 0;
			knownRegions = (
				en,
				Base,
			);
			mainGroup = EF5BF037289EB78D0059A54C;
			packageReferences = (
				EF5BF076289EBB5D0059A54C /* XCRemoteSwiftPackageReference "SoDownloadSDK" */,
			);
			productRefGroup = EF5BF041289EB78D0059A54C /* Products */;
			projectDirPath = "";
			projectRoot = "";
			targets = (
				EF5BF03F289EB78D0059A54C /* SoDownloadExample */,
				EF5BF055289EB7920059A54C /* SoDownloadExampleTests */,
				EF5BF05F289EB7920059A54C /* SoDownloadExampleUITests */,
			);
		};
/* End PBXProject section */

/* Begin PBXResourcesBuildPhase section */
		EF5BF03E289EB78D0059A54C /* Resources */ = {
			isa = PBXResourcesBuildPhase;
			buildActionMask = 2147483647;
			files = (
				EF5BF050289EB7920059A54C /* LaunchScreen.storyboard in Resources */,
				EF5BF04D289EB7920059A54C /* Assets.xcassets in Resources */,
				EF5BF04B289EB78D0059A54C /* Main.storyboard in Resources */,
			);
			runOnlyForDeploymentPostprocessing = 0;
		};
		EF5BF054289EB7920059A54C /* Resources */ = {
			isa = PBXResourcesBuildPhase;
			buildActionMask = 2147483647;
			files = (
			);
			runOnlyForDeploymentPostprocessing = 0;
		};
		EF5BF05E289EB7920059A54C /* Resources */ = {
			isa = PBXResourcesBuildPhase;
			buildActionMask = 2147483647;
			files = (
			);
			runOnlyForDeploymentPostprocessing = 0;
		};
/* End PBXResourcesBuildPhase section */

/* Begin PBXSourcesBuildPhase section */
		EF5BF03C289EB78D0059A54C /* Sources */ = {
			isa = PBXSourcesBuildPhase;
			buildActionMask = 2147483647;
			files = (
				EF5BF048289EB78D0059A54C /* ViewController.swift in Sources */,
				EF5BF07A289EBE7A0059A54C /* DownloadTableViewCell.swift in Sources */,
				EF5BF044289EB78D0059A54C /* AppDelegate.swift in Sources */,
				EF5BF046289EB78D0059A54C /* SceneDelegate.swift in Sources */,
			);
			runOnlyForDeploymentPostprocessing = 0;
		};
		EF5BF052289EB7920059A54C /* Sources */ = {
			isa = PBXSourcesBuildPhase;
			buildActionMask = 2147483647;
			files = (
				EF5BF05B289EB7920059A54C /* SoDownloadExampleTests.swift in Sources */,
			);
			runOnlyForDeploymentPostprocessing = 0;
		};
		EF5BF05C289EB7920059A54C /* Sources */ = {
			isa = PBXSourcesBuildPhase;
			buildActionMask = 2147483647;
			files = (
				EF5BF065289EB7920059A54C /* SoDownloadExampleUITests.swift in Sources */,
				EF5BF067289EB7920059A54C /* SoDownloadExampleUITestsLaunchTests.swift in Sources */,
			);
			runOnlyForDeploymentPostprocessing = 0;
		};
/* End PBXSourcesBuildPhase section */

/* Begin PBXTargetDependency section */
		EF5BF058289EB7920059A54C /* PBXTargetDependency */ = {
			isa = PBXTargetDependency;
			target = EF5BF03F289EB78D0059A54C /* SoDownloadExample */;
			targetProxy = EF5BF057289EB7920059A54C /* PBXContainerItemProxy */;
		};
		EF5BF062289EB7920059A54C /* PBXTargetDependency */ = {
			isa = PBXTargetDependency;
			target = EF5BF03F289EB78D0059A54C /* SoDownloadExample */;
			targetProxy = EF5BF061289EB7920059A54C /* PBXContainerItemProxy */;
		};
/* End PBXTargetDependency section */

/* Begin PBXVariantGroup section */
		EF5BF049289EB78D0059A54C /* Main.storyboard */ = {
			isa = PBXVariantGroup;
			children = (
				EF5BF04A289EB78D0059A54C /* Base */,
			);
			name = Main.storyboard;
			sourceTree = "<group>";
		};
		EF5BF04E289EB7920059A54C /* LaunchScreen.storyboard */ = {
			isa = PBXVariantGroup;
			children = (
				EF5BF04F289EB7920059A54C /* Base */,
			);
			name = LaunchScreen.storyboard;
			sourceTree = "<group>";
		};
/* End PBXVariantGroup section */

/* Begin XCBuildConfiguration section */
		EF5BF068289EB7920059A54C /* Debug */ = {
			isa = XCBuildConfiguration;
			buildSettings = {
				ALWAYS_SEARCH_USER_PATHS = NO;
				CLANG_ANALYZER_NONNULL = YES;
				CLANG_ANALYZER_NUMBER_OBJECT_CONVERSION = YES_AGGRESSIVE;
				CLANG_CXX_LANGUAGE_STANDARD = "gnu++17";
				CLANG_ENABLE_MODULES = YES;
				CLANG_ENABLE_OBJC_ARC = YES;
				CLANG_ENABLE_OBJC_WEAK = YES;
				CLANG_WARN_BLOCK_CAPTURE_AUTORELEASING = YES;
				CLANG_WARN_BOOL_CONVERSION = YES;
				CLANG_WARN_COMMA = YES;
				CLANG_WARN_CONSTANT_CONVERSION = YES;
				CLANG_WARN_DEPRECATED_OBJC_IMPLEMENTATIONS = YES;
				CLANG_WARN_DIRECT_OBJC_ISA_USAGE = YES_ERROR;
				CLANG_WARN_DOCUMENTATION_COMMENTS = YES;
				CLANG_WARN_EMPTY_BODY = YES;
				CLANG_WARN_ENUM_CONVERSION = YES;
				CLANG_WARN_INFINITE_RECURSION = YES;
				CLANG_WARN_INT_CONVERSION = YES;
				CLANG_WARN_NON_LITERAL_NULL_CONVERSION = YES;
				CLANG_WARN_OBJC_IMPLICIT_RETAIN_SELF = YES;
				CLANG_WARN_OBJC_LITERAL_CONVERSION = YES;
				CLANG_WARN_OBJC_ROOT_CLASS = YES_ERROR;
				CLANG_WARN_QUOTED_INCLUDE_IN_FRAMEWORK_HEADER = YES;
				CLANG_WARN_RANGE_LOOP_ANALYSIS = YES;
				CLANG_WARN_STRICT_PROTOTYPES = YES;
				CLANG_WARN_SUSPICIOUS_MOVE = YES;
				CLANG_WARN_UNGUARDED_AVAILABILITY = YES_AGGRESSIVE;
				CLANG_WARN_UNREACHABLE_CODE = YES;
				CLANG_WARN__DUPLICATE_METHOD_MATCH = YES;
				COPY_PHASE_STRIP = NO;
				DEBUG_INFORMATION_FORMAT = dwarf;
				ENABLE_STRICT_OBJC_MSGSEND = YES;
				ENABLE_TESTABILITY = YES;
				GCC_C_LANGUAGE_STANDARD = gnu11;
				GCC_DYNAMIC_NO_PIC = NO;
				GCC_NO_COMMON_BLOCKS = YES;
				GCC_OPTIMIZATION_LEVEL = 0;
				GCC_PREPROCESSOR_DEFINITIONS = (
					"DEBUG=1",
					"$(inherited)",
				);
				GCC_WARN_64_TO_32_BIT_CONVERSION = YES;
				GCC_WARN_ABOUT_RETURN_TYPE = YES_ERROR;
				GCC_WARN_UNDECLARED_SELECTOR = YES;
				GCC_WARN_UNINITIALIZED_AUTOS = YES_AGGRESSIVE;
				GCC_WARN_UNUSED_FUNCTION = YES;
				GCC_WARN_UNUSED_VARIABLE = YES;
				IPHONEOS_DEPLOYMENT_TARGET = 15.5;
				MTL_ENABLE_DEBUG_INFO = INCLUDE_SOURCE;
				MTL_FAST_MATH = YES;
				ONLY_ACTIVE_ARCH = YES;
				SDKROOT = iphoneos;
				SWIFT_ACTIVE_COMPILATION_CONDITIONS = DEBUG;
				SWIFT_OPTIMIZATION_LEVEL = "-Onone";
			};
			name = Debug;
		};
		EF5BF069289EB7920059A54C /* Release */ = {
			isa = XCBuildConfiguration;
			buildSettings = {
				ALWAYS_SEARCH_USER_PATHS = NO;
				CLANG_ANALYZER_NONNULL = YES;
				CLANG_ANALYZER_NUMBER_OBJECT_CONVERSION = YES_AGGRESSIVE;
				CLANG_CXX_LANGUAGE_STANDARD = "gnu++17";
				CLANG_ENABLE_MODULES = YES;
				CLANG_ENABLE_OBJC_ARC = YES;
				CLANG_ENABLE_OBJC_WEAK = YES;
				CLANG_WARN_BLOCK_CAPTURE_AUTORELEASING = YES;
				CLANG_WARN_BOOL_CONVERSION = YES;
				CLANG_WARN_COMMA = YES;
				CLANG_WARN_CONSTANT_CONVERSION = YES;
				CLANG_WARN_DEPRECATED_OBJC_IMPLEMENTATIONS = YES;
				CLANG_WARN_DIRECT_OBJC_ISA_USAGE = YES_ERROR;
				CLANG_WARN_DOCUMENTATION_COMMENTS = YES;
				CLANG_WARN_EMPTY_BODY = YES;
				CLANG_WARN_ENUM_CONVERSION = YES;
				CLANG_WARN_INFINITE_RECURSION = YES;
				CLANG_WARN_INT_CONVERSION = YES;
				CLANG_WARN_NON_LITERAL_NULL_CONVERSION = YES;
				CLANG_WARN_OBJC_IMPLICIT_RETAIN_SELF = YES;
				CLANG_WARN_OBJC_LITERAL_CONVERSION = YES;
				CLANG_WARN_OBJC_ROOT_CLASS = YES_ERROR;
				CLANG_WARN_QUOTED_INCLUDE_IN_FRAMEWORK_HEADER = YES;
				CLANG_WARN_RANGE_LOOP_ANALYSIS = YES;
				CLANG_WARN_STRICT_PROTOTYPES = YES;
				CLANG_WARN_SUSPICIOUS_MOVE = YES;
				CLANG_WARN_UNGUARDED_AVAILABILITY = YES_AGGRESSIVE;
				CLANG_WARN_UNREACHABLE_CODE = YES;
				CLANG_WARN__DUPLICATE_METHOD_MATCH = YES;
				COPY_PHASE_STRIP = NO;
				DEBUG_INFORMATION_FORMAT = "dwarf-with-dsym";
				ENABLE_NS_ASSERTIONS = NO;
				ENABLE_STRICT_OBJC_MSGSEND = YES;
				GCC_C_LANGUAGE_STANDARD = gnu11;
				GCC_NO_COMMON_BLOCKS = YES;
				GCC_WARN_64_TO_32_BIT_CONVERSION = YES;
				GCC_WARN_ABOUT_RETURN_TYPE = YES_ERROR;
				GCC_WARN_UNDECLARED_SELECTOR = YES;
				GCC_WARN_UNINITIALIZED_AUTOS = YES_AGGRESSIVE;
				GCC_WARN_UNUSED_FUNCTION = YES;
				GCC_WARN_UNUSED_VARIABLE = YES;
				IPHONEOS_DEPLOYMENT_TARGET = 15.5;
				MTL_ENABLE_DEBUG_INFO = NO;
				MTL_FAST_MATH = YES;
				SDKROOT = iphoneos;
				SWIFT_COMPILATION_MODE = wholemodule;
				SWIFT_OPTIMIZATION_LEVEL = "-O";
				VALIDATE_PRODUCT = YES;
			};
			name = Release;
		};
		EF5BF06B289EB7920059A54C /* Debug */ = {
			isa = XCBuildConfiguration;
			buildSettings = {
				ASSETCATALOG_COMPILER_APPICON_NAME = AppIcon;
				ASSETCATALOG_COMPILER_GLOBAL_ACCENT_COLOR_NAME = AccentColor;
				CODE_SIGN_STYLE = Automatic;
				CURRENT_PROJECT_VERSION = 1;
				DEVELOPMENT_TEAM = V54N9GBS27;
				GENERATE_INFOPLIST_FILE = YES;
				INFOPLIST_FILE = SoDownloadExample/Info.plist;
				INFOPLIST_KEY_UIApplicationSupportsIndirectInputEvents = YES;
				INFOPLIST_KEY_UILaunchStoryboardName = LaunchScreen;
				INFOPLIST_KEY_UIMainStoryboardFile = Main;
				INFOPLIST_KEY_UISupportedInterfaceOrientations_iPad = "UIInterfaceOrientationPortrait UIInterfaceOrientationPortraitUpsideDown UIInterfaceOrientationLandscapeLeft UIInterfaceOrientationLandscapeRight";
				INFOPLIST_KEY_UISupportedInterfaceOrientations_iPhone = "UIInterfaceOrientationPortrait UIInterfaceOrientationLandscapeLeft UIInterfaceOrientationLandscapeRight";
				LD_RUNPATH_SEARCH_PATHS = (
					"$(inherited)",
					"@executable_path/Frameworks",
				);
				MARKETING_VERSION = 1.0;
				PRODUCT_BUNDLE_IDENTIFIER = test.SoDownloadExample;
				PRODUCT_NAME = "$(TARGET_NAME)";
				SWIFT_EMIT_LOC_STRINGS = YES;
				SWIFT_VERSION = 5.0;
				TARGETED_DEVICE_FAMILY = "1,2";
			};
			name = Debug;
		};
		EF5BF06C289EB7920059A54C /* Release */ = {
			isa = XCBuildConfiguration;
			buildSettings = {
				ASSETCATALOG_COMPILER_APPICON_NAME = AppIcon;
				ASSETCATALOG_COMPILER_GLOBAL_ACCENT_COLOR_NAME = AccentColor;
				CODE_SIGN_STYLE = Automatic;
				CURRENT_PROJECT_VERSION = 1;
				DEVELOPMENT_TEAM = V54N9GBS27;
				GENERATE_INFOPLIST_FILE = YES;
				INFOPLIST_FILE = SoDownloadExample/Info.plist;
				INFOPLIST_KEY_UIApplicationSupportsIndirectInputEvents = YES;
				INFOPLIST_KEY_UILaunchStoryboardName = LaunchScreen;
				INFOPLIST_KEY_UIMainStoryboardFile = Main;
				INFOPLIST_KEY_UISupportedInterfaceOrientations_iPad = "UIInterfaceOrientationPortrait UIInterfaceOrientationPortraitUpsideDown UIInterfaceOrientationLandscapeLeft UIInterfaceOrientationLandscapeRight";
				INFOPLIST_KEY_UISupportedInterfaceOrientations_iPhone = "UIInterfaceOrientationPortrait UIInterfaceOrientationLandscapeLeft UIInterfaceOrientationLandscapeRight";
				LD_RUNPATH_SEARCH_PATHS = (
					"$(inherited)",
					"@executable_path/Frameworks",
				);
				MARKETING_VERSION = 1.0;
				PRODUCT_BUNDLE_IDENTIFIER = test.SoDownloadExample;
				PRODUCT_NAME = "$(TARGET_NAME)";
				SWIFT_EMIT_LOC_STRINGS = YES;
				SWIFT_VERSION = 5.0;
				TARGETED_DEVICE_FAMILY = "1,2";
			};
			name = Release;
		};
		EF5BF06E289EB7920059A54C /* Debug */ = {
			isa = XCBuildConfiguration;
			buildSettings = {
				ALWAYS_EMBED_SWIFT_STANDARD_LIBRARIES = YES;
				BUNDLE_LOADER = "$(TEST_HOST)";
				CODE_SIGN_STYLE = Automatic;
				CURRENT_PROJECT_VERSION = 1;
				DEVELOPMENT_TEAM = V54N9GBS27;
				GENERATE_INFOPLIST_FILE = YES;
				IPHONEOS_DEPLOYMENT_TARGET = 15.5;
				MARKETING_VERSION = 1.0;
				PRODUCT_BUNDLE_IDENTIFIER = test.SoDownloadExampleTests;
				PRODUCT_NAME = "$(TARGET_NAME)";
				SWIFT_EMIT_LOC_STRINGS = NO;
				SWIFT_VERSION = 5.0;
				TARGETED_DEVICE_FAMILY = "1,2";
				TEST_HOST = "$(BUILT_PRODUCTS_DIR)/SoDownloadExample.app/SoDownloadExample";
			};
			name = Debug;
		};
		EF5BF06F289EB7920059A54C /* Release */ = {
			isa = XCBuildConfiguration;
			buildSettings = {
				ALWAYS_EMBED_SWIFT_STANDARD_LIBRARIES = YES;
				BUNDLE_LOADER = "$(TEST_HOST)";
				CODE_SIGN_STYLE = Automatic;
				CURRENT_PROJECT_VERSION = 1;
				DEVELOPMENT_TEAM = V54N9GBS27;
				GENERATE_INFOPLIST_FILE = YES;
				IPHONEOS_DEPLOYMENT_TARGET = 15.5;
				MARKETING_VERSION = 1.0;
				PRODUCT_BUNDLE_IDENTIFIER = test.SoDownloadExampleTests;
				PRODUCT_NAME = "$(TARGET_NAME)";
				SWIFT_EMIT_LOC_STRINGS = NO;
				SWIFT_VERSION = 5.0;
				TARGETED_DEVICE_FAMILY = "1,2";
				TEST_HOST = "$(BUILT_PRODUCTS_DIR)/SoDownloadExample.app/SoDownloadExample";
			};
			name = Release;
		};
		EF5BF071289EB7920059A54C /* Debug */ = {
			isa = XCBuildConfiguration;
			buildSettings = {
				ALWAYS_EMBED_SWIFT_STANDARD_LIBRARIES = YES;
				CODE_SIGN_STYLE = Automatic;
				CURRENT_PROJECT_VERSION = 1;
				DEVELOPMENT_TEAM = V54N9GBS27;
				GENERATE_INFOPLIST_FILE = YES;
				MARKETING_VERSION = 1.0;
				PRODUCT_BUNDLE_IDENTIFIER = test.SoDownloadExampleUITests;
				PRODUCT_NAME = "$(TARGET_NAME)";
				SWIFT_EMIT_LOC_STRINGS = NO;
				SWIFT_VERSION = 5.0;
				TARGETED_DEVICE_FAMILY = "1,2";
				TEST_TARGET_NAME = SoDownloadExample;
			};
			name = Debug;
		};
		EF5BF072289EB7920059A54C /* Release */ = {
			isa = XCBuildConfiguration;
			buildSettings = {
				ALWAYS_EMBED_SWIFT_STANDARD_LIBRARIES = YES;
				CODE_SIGN_STYLE = Automatic;
				CURRENT_PROJECT_VERSION = 1;
				DEVELOPMENT_TEAM = V54N9GBS27;
				GENERATE_INFOPLIST_FILE = YES;
				MARKETING_VERSION = 1.0;
				PRODUCT_BUNDLE_IDENTIFIER = test.SoDownloadExampleUITests;
				PRODUCT_NAME = "$(TARGET_NAME)";
				SWIFT_EMIT_LOC_STRINGS = NO;
				SWIFT_VERSION = 5.0;
				TARGETED_DEVICE_FAMILY = "1,2";
				TEST_TARGET_NAME = SoDownloadExample;
			};
			name = Release;
		};
/* End XCBuildConfiguration section */

/* Begin XCConfigurationList section */
		EF5BF03B289EB78D0059A54C /* Build configuration list for PBXProject "SoDownloadExample" */ = {
			isa = XCConfigurationList;
			buildConfigurations = (
				EF5BF068289EB7920059A54C /* Debug */,
				EF5BF069289EB7920059A54C /* Release */,
			);
			defaultConfigurationIsVisible = 0;
			defaultConfigurationName = Release;
		};
		EF5BF06A289EB7920059A54C /* Build configuration list for PBXNativeTarget "SoDownloadExample" */ = {
			isa = XCConfigurationList;
			buildConfigurations = (
				EF5BF06B289EB7920059A54C /* Debug */,
				EF5BF06C289EB7920059A54C /* Release */,
			);
			defaultConfigurationIsVisible = 0;
			defaultConfigurationName = Release;
		};
		EF5BF06D289EB7920059A54C /* Build configuration list for PBXNativeTarget "SoDownloadExampleTests" */ = {
			isa = XCConfigurationList;
			buildConfigurations = (
				EF5BF06E289EB7920059A54C /* Debug */,
				EF5BF06F289EB7920059A54C /* Release */,
			);
			defaultConfigurationIsVisible = 0;
			defaultConfigurationName = Release;
		};
		EF5BF070289EB7920059A54C /* Build configuration list for PBXNativeTarget "SoDownloadExampleUITests" */ = {
			isa = XCConfigurationList;
			buildConfigurations = (
				EF5BF071289EB7920059A54C /* Debug */,
				EF5BF072289EB7920059A54C /* Release */,
			);
			defaultConfigurationIsVisible = 0;
			defaultConfigurationName = Release;
		};
/* End XCConfigurationList section */

/* Begin XCRemoteSwiftPackageReference section */
		EF5BF076289EBB5D0059A54C /* XCRemoteSwiftPackageReference "SoDownloadSDK" */ = {
			isa = XCRemoteSwiftPackageReference;
			repositoryURL = "https://github.com/cheignon/SoDownloadSDK.git";
			requirement = {
				branch = main;
				kind = branch;
			};
		};
/* End XCRemoteSwiftPackageReference section */

/* Begin XCSwiftPackageProductDependency section */
		EF5BF077289EBB5D0059A54C /* SoDownloadSDK */ = {
			isa = XCSwiftPackageProductDependency;
			package = EF5BF076289EBB5D0059A54C /* XCRemoteSwiftPackageReference "SoDownloadSDK" */;
			productName = SoDownloadSDK;
		};
/* End XCSwiftPackageProductDependency section */
	};
	rootObject = EF5BF038289EB78D0059A54C /* Project object */;
}
